
Microsoft Visual Studio Solution File, Format Version 12.00
# Visual Studio Version 16
VisualStudioVersion = 16.0.30907.101
MinimumVisualStudioVersion = 10.0.40219.1
Project("{8BC9CEB8-8B4A-11D0-8D11-00A0C91BC942}") = "Hash-table", "Hash-table.vcxproj", "{19A39EB8-A26E-4E93-8C48-049B94A4C9AE}"
EndProject
Global
	GlobalSection(SolutionConfigurationPlatforms) = preSolution
		Debug|x64 = Debug|x64
		Debug|x86 = Debug|x86
		Release|x64 = Release|x64
		Release|x86 = Release|x86
	EndGlobalSection
	GlobalSection(ProjectConfigurationPlatforms) = postSolution
		{19A39EB8-A26E-4E93-8C48-049B94A4C9AE}.Debug|x64.ActiveCfg = Debug|x64
		{19A39EB8-A26E-4E93-8C48-049B94A4C9AE}.Debug|x64.Build.0 = Debug|x64
		{19A39EB8-A26E-4E93-8C48-049B94A4C9AE}.Debug|x86.ActiveCfg = Debug|Win32
		{19A39EB8-A26E-4E93-8C48-049B94A4C9AE}.Debug|x86.Build.0 = Debug|Win32
		{19A39EB8-A26E-4E93-8C48-049B94A4C9AE}.Release|x64.ActiveCfg = Release|x64
		{19A39EB8-A26E-4E93-8C48-049B94A4C9AE}.Release|x64.Build.0 = Release|x64
		{19A39EB8-A26E-4E93-8C48-049B94A4C9AE}.Release|x86.ActiveCfg = Release|Win32
		{19A39EB8-A26E-4E93-8C48-049B94A4C9AE}.Release|x86.Build.0 = Release|Win32
	EndGlobalSection
	GlobalSection(SolutionProperties) = preSolution
		HideSolutionNode = FALSE
	EndGlobalSection
	GlobalSection(ExtensibilityGlobals) = postSolution
		SolutionGuid = {6FD3AB28-7783-4BF4-B3BC-B070242B66ED}
	EndGlobalSection
EndGlobal
